
Microsoft Visual Studio Solution File, Format Version 12.00
# Visual Studio 15
VisualStudioVersion = 15.0.26730.8
MinimumVisualStudioVersion = 10.0.40219.1
Project("{9A19103F-16F7-4668-BE54-9A1E7A4F7556}") = "Clubhouse.io.net", "Clubhouse.io.net\Clubhouse.io.net.csproj", "{F2E281CF-15C0-400C-AD3C-803DD314E0D3}"
EndProject
Project("{FAE04EC0-301F-11D3-BF4B-00C04F79EFBC}") = "Clubhouse.io.net.Runner", "Clubhouse.io.net.Runner\Clubhouse.io.net.Runner.csproj", "{9D680469-6381-4D25-AB5D-0FDBEB262915}"
EndProject
Project("{FAE04EC0-301F-11D3-BF4B-00C04F79EFBC}") = "Clubhouse.io.net.RestAPI", "Clubhouse.io.net.RestAPI\Clubhouse.io.net.RestAPI.csproj", "{A23C4B0B-2DA9-43F1-B4B8-B42A2B329526}"
EndProject
Global
	GlobalSection(SolutionConfigurationPlatforms) = preSolution
		Debug|Any CPU = Debug|Any CPU
		Release|Any CPU = Release|Any CPU
	EndGlobalSection
	GlobalSection(ProjectConfigurationPlatforms) = postSolution
		{F2E281CF-15C0-400C-AD3C-803DD314E0D3}.Debug|Any CPU.ActiveCfg = Debug|Any CPU
		{F2E281CF-15C0-400C-AD3C-803DD314E0D3}.Debug|Any CPU.Build.0 = Debug|Any CPU
		{F2E281CF-15C0-400C-AD3C-803DD314E0D3}.Release|Any CPU.ActiveCfg = Release|Any CPU
		{F2E281CF-15C0-400C-AD3C-803DD314E0D3}.Release|Any CPU.Build.0 = Release|Any CPU
		{9D680469-6381-4D25-AB5D-0FDBEB262915}.Debug|Any CPU.ActiveCfg = Debug|Any CPU
		{9D680469-6381-4D25-AB5D-0FDBEB262915}.Debug|Any CPU.Build.0 = Debug|Any CPU
		{9D680469-6381-4D25-AB5D-0FDBEB262915}.Release|Any CPU.ActiveCfg = Release|Any CPU
		{9D680469-6381-4D25-AB5D-0FDBEB262915}.Release|Any CPU.Build.0 = Release|Any CPU
		{A23C4B0B-2DA9-43F1-B4B8-B42A2B329526}.Debug|Any CPU.ActiveCfg = Debug|Any CPU
		{A23C4B0B-2DA9-43F1-B4B8-B42A2B329526}.Debug|Any CPU.Build.0 = Debug|Any CPU
		{A23C4B0B-2DA9-43F1-B4B8-B42A2B329526}.Release|Any CPU.ActiveCfg = Release|Any CPU
		{A23C4B0B-2DA9-43F1-B4B8-B42A2B329526}.Release|Any CPU.Build.0 = Release|Any CPU
	EndGlobalSection
	GlobalSection(SolutionProperties) = preSolution
		HideSolutionNode = FALSE
	EndGlobalSection
	GlobalSection(ExtensibilityGlobals) = postSolution
		SolutionGuid = {C9AD2CFC-9D70-4B80-9722-2A0A5E84D56C}
	EndGlobalSection
EndGlobal
