
Microsoft Visual Studio Solution File, Format Version 12.00
# Visual Studio Version 16
VisualStudioVersion = 16.0.30011.22
MinimumVisualStudioVersion = 10.0.40219.1
Project("{9A19103F-16F7-4668-BE54-9A1E7A4F7556}") = "Clubhouse.io.net", "Clubhouse.io.net\Clubhouse.io.net.csproj", "{F2E281CF-15C0-400C-AD3C-803DD314E0D3}"
EndProject
Project("{9A19103F-16F7-4668-BE54-9A1E7A4F7556}") = "Clubhouse.io.Net.Test", "Clubhouse.io.Net.Test\Clubhouse.io.Net.Test.csproj", "{322784EC-3459-401E-9F1C-56FACCDD7AE9}"
EndProject
Project("{FAE04EC0-301F-11D3-BF4B-00C04F79EFBC}") = "Clubhouse.io.net.Runner", "Clubhouse.io.net.Runner\Clubhouse.io.net.Runner.csproj", "{BB149117-FFDA-4598-82B3-083D0DEE7D46}"
EndProject
Global
	GlobalSection(SolutionConfigurationPlatforms) = preSolution
		Debug|Any CPU = Debug|Any CPU
		Release|Any CPU = Release|Any CPU
	EndGlobalSection
	GlobalSection(ProjectConfigurationPlatforms) = postSolution
		{F2E281CF-15C0-400C-AD3C-803DD314E0D3}.Debug|Any CPU.ActiveCfg = Debug|Any CPU
		{F2E281CF-15C0-400C-AD3C-803DD314E0D3}.Debug|Any CPU.Build.0 = Debug|Any CPU
		{F2E281CF-15C0-400C-AD3C-803DD314E0D3}.Release|Any CPU.ActiveCfg = Release|Any CPU
		{F2E281CF-15C0-400C-AD3C-803DD314E0D3}.Release|Any CPU.Build.0 = Release|Any CPU
		{322784EC-3459-401E-9F1C-56FACCDD7AE9}.Debug|Any CPU.ActiveCfg = Debug|Any CPU
		{322784EC-3459-401E-9F1C-56FACCDD7AE9}.Debug|Any CPU.Build.0 = Debug|Any CPU
		{322784EC-3459-401E-9F1C-56FACCDD7AE9}.Release|Any CPU.ActiveCfg = Release|Any CPU
		{322784EC-3459-401E-9F1C-56FACCDD7AE9}.Release|Any CPU.Build.0 = Release|Any CPU
		{BB149117-FFDA-4598-82B3-083D0DEE7D46}.Debug|Any CPU.ActiveCfg = Debug|Any CPU
		{BB149117-FFDA-4598-82B3-083D0DEE7D46}.Debug|Any CPU.Build.0 = Debug|Any CPU
		{BB149117-FFDA-4598-82B3-083D0DEE7D46}.Release|Any CPU.ActiveCfg = Release|Any CPU
		{BB149117-FFDA-4598-82B3-083D0DEE7D46}.Release|Any CPU.Build.0 = Release|Any CPU
	EndGlobalSection
	GlobalSection(SolutionProperties) = preSolution
		HideSolutionNode = FALSE
	EndGlobalSection
	GlobalSection(ExtensibilityGlobals) = postSolution
		SolutionGuid = {C9AD2CFC-9D70-4B80-9722-2A0A5E84D56C}
	EndGlobalSection
EndGlobal
